
Microsoft Visual Studio Solution File, Format Version 12.00
# Visual Studio Version 17
VisualStudioVersion = 17.6.33829.357
MinimumVisualStudioVersion = 10.0.40219.1
Project("{9A19103F-16F7-4668-BE54-9A1E7A4F7556}") = "dotnetrazordemo", "dotnetrazordemo.csproj", "{4A03C2A5-2B14-4F83-9BAE-CE6C1F0F70B9}"
EndProject
Project("{FAE04EC0-301F-11D3-BF4B-00C04F79EFBC}") = "mvctempdemo", "..\mvctempdemo\mvctempdemo.csproj", "{645CCFCA-4094-43B4-A43C-774B0311AF4D}"
EndProject
Global
	GlobalSection(SolutionConfigurationPlatforms) = preSolution
		Debug|Any CPU = Debug|Any CPU
		Release|Any CPU = Release|Any CPU
	EndGlobalSection
	GlobalSection(ProjectConfigurationPlatforms) = postSolution
		{4A03C2A5-2B14-4F83-9BAE-CE6C1F0F70B9}.Debug|Any CPU.ActiveCfg = Debug|Any CPU
		{4A03C2A5-2B14-4F83-9BAE-CE6C1F0F70B9}.Debug|Any CPU.Build.0 = Debug|Any CPU
		{4A03C2A5-2B14-4F83-9BAE-CE6C1F0F70B9}.Release|Any CPU.ActiveCfg = Release|Any CPU
		{4A03C2A5-2B14-4F83-9BAE-CE6C1F0F70B9}.Release|Any CPU.Build.0 = Release|Any CPU
		{645CCFCA-4094-43B4-A43C-774B0311AF4D}.Debug|Any CPU.ActiveCfg = Debug|Any CPU
		{645CCFCA-4094-43B4-A43C-774B0311AF4D}.Debug|Any CPU.Build.0 = Debug|Any CPU
		{645CCFCA-4094-43B4-A43C-774B0311AF4D}.Release|Any CPU.ActiveCfg = Release|Any CPU
		{645CCFCA-4094-43B4-A43C-774B0311AF4D}.Release|Any CPU.Build.0 = Release|Any CPU
	EndGlobalSection
	GlobalSection(SolutionProperties) = preSolution
		HideSolutionNode = FALSE
	EndGlobalSection
	GlobalSection(ExtensibilityGlobals) = postSolution
		SolutionGuid = {E74DD968-82AF-49CF-A484-5A09938BB725}
	EndGlobalSection
EndGlobal
