
Microsoft Visual Studio Solution File, Format Version 12.00
# Visual Studio Version 17
VisualStudioVersion = 17.6.33829.357
MinimumVisualStudioVersion = 10.0.40219.1
Project("{FAE04EC0-301F-11D3-BF4B-00C04F79EFBC}") = "MVCMockDemo", "MVCMockDemo\MVCMockDemo.csproj", "{04790F2E-EAC8-4E06-9D6D-5FED65569FF4}"
EndProject
Global
	GlobalSection(SolutionConfigurationPlatforms) = preSolution
		Debug|Any CPU = Debug|Any CPU
		Release|Any CPU = Release|Any CPU
	EndGlobalSection
	GlobalSection(ProjectConfigurationPlatforms) = postSolution
		{04790F2E-EAC8-4E06-9D6D-5FED65569FF4}.Debug|Any CPU.ActiveCfg = Debug|Any CPU
		{04790F2E-EAC8-4E06-9D6D-5FED65569FF4}.Debug|Any CPU.Build.0 = Debug|Any CPU
		{04790F2E-EAC8-4E06-9D6D-5FED65569FF4}.Release|Any CPU.ActiveCfg = Release|Any CPU
		{04790F2E-EAC8-4E06-9D6D-5FED65569FF4}.Release|Any CPU.Build.0 = Release|Any CPU
	EndGlobalSection
	GlobalSection(SolutionProperties) = preSolution
		HideSolutionNode = FALSE
	EndGlobalSection
	GlobalSection(ExtensibilityGlobals) = postSolution
		SolutionGuid = {828987A5-7293-47BD-A13E-E19A7D762EAF}
	EndGlobalSection
EndGlobal
