
Microsoft Visual Studio Solution File, Format Version 12.00
# Visual Studio Version 17
VisualStudioVersion = 17.6.33829.357
MinimumVisualStudioVersion = 10.0.40219.1
Project("{FAE04EC0-301F-11D3-BF4B-00C04F79EFBC}") = "MVCSportsRepo", "MVCSportsRepo\MVCSportsRepo.csproj", "{9509A7DD-3CEC-427E-8670-7EC75B032AE0}"
EndProject
Global
	GlobalSection(SolutionConfigurationPlatforms) = preSolution
		Debug|Any CPU = Debug|Any CPU
		Release|Any CPU = Release|Any CPU
	EndGlobalSection
	GlobalSection(ProjectConfigurationPlatforms) = postSolution
		{9509A7DD-3CEC-427E-8670-7EC75B032AE0}.Debug|Any CPU.ActiveCfg = Debug|Any CPU
		{9509A7DD-3CEC-427E-8670-7EC75B032AE0}.Debug|Any CPU.Build.0 = Debug|Any CPU
		{9509A7DD-3CEC-427E-8670-7EC75B032AE0}.Release|Any CPU.ActiveCfg = Release|Any CPU
		{9509A7DD-3CEC-427E-8670-7EC75B032AE0}.Release|Any CPU.Build.0 = Release|Any CPU
	EndGlobalSection
	GlobalSection(SolutionProperties) = preSolution
		HideSolutionNode = FALSE
	EndGlobalSection
	GlobalSection(ExtensibilityGlobals) = postSolution
		SolutionGuid = {9B4711FE-2C93-4525-BADA-B61D015093E1}
	EndGlobalSection
EndGlobal
