
Microsoft Visual Studio Solution File, Format Version 12.00
# Visual Studio Version 17
VisualStudioVersion = 17.6.33829.357
MinimumVisualStudioVersion = 10.0.40219.1
Project("{FAE04EC0-301F-11D3-BF4B-00C04F79EFBC}") = "RazorDemo", "RazorDemo\RazorDemo.csproj", "{29508485-3C1B-4AB8-AC1B-E08A335F9860}"
EndProject
Global
	GlobalSection(SolutionConfigurationPlatforms) = preSolution
		Debug|Any CPU = Debug|Any CPU
		Release|Any CPU = Release|Any CPU
	EndGlobalSection
	GlobalSection(ProjectConfigurationPlatforms) = postSolution
		{29508485-3C1B-4AB8-AC1B-E08A335F9860}.Debug|Any CPU.ActiveCfg = Debug|Any CPU
		{29508485-3C1B-4AB8-AC1B-E08A335F9860}.Debug|Any CPU.Build.0 = Debug|Any CPU
		{29508485-3C1B-4AB8-AC1B-E08A335F9860}.Release|Any CPU.ActiveCfg = Release|Any CPU
		{29508485-3C1B-4AB8-AC1B-E08A335F9860}.Release|Any CPU.Build.0 = Release|Any CPU
	EndGlobalSection
	GlobalSection(SolutionProperties) = preSolution
		HideSolutionNode = FALSE
	EndGlobalSection
	GlobalSection(ExtensibilityGlobals) = postSolution
		SolutionGuid = {A9C1DBF1-6805-4DE3-9E4A-EB2718ED31A1}
	EndGlobalSection
EndGlobal
