
Microsoft Visual Studio Solution File, Format Version 12.00
# Visual Studio Version 17
VisualStudioVersion = 17.6.33829.357
MinimumVisualStudioVersion = 10.0.40219.1
Project("{9A19103F-16F7-4668-BE54-9A1E7A4F7556}") = "RazorLab", "RazorLab.csproj", "{76F5B58B-3CA8-453F-B632-B8C843F64C7E}"
EndProject
Global
	GlobalSection(SolutionConfigurationPlatforms) = preSolution
		Debug|Any CPU = Debug|Any CPU
		Release|Any CPU = Release|Any CPU
	EndGlobalSection
	GlobalSection(ProjectConfigurationPlatforms) = postSolution
		{76F5B58B-3CA8-453F-B632-B8C843F64C7E}.Debug|Any CPU.ActiveCfg = Debug|Any CPU
		{76F5B58B-3CA8-453F-B632-B8C843F64C7E}.Debug|Any CPU.Build.0 = Debug|Any CPU
		{76F5B58B-3CA8-453F-B632-B8C843F64C7E}.Release|Any CPU.ActiveCfg = Release|Any CPU
		{76F5B58B-3CA8-453F-B632-B8C843F64C7E}.Release|Any CPU.Build.0 = Release|Any CPU
	EndGlobalSection
	GlobalSection(SolutionProperties) = preSolution
		HideSolutionNode = FALSE
	EndGlobalSection
	GlobalSection(ExtensibilityGlobals) = postSolution
		SolutionGuid = {291091E8-BE1D-4CF5-A57B-7CB646C17C55}
	EndGlobalSection
EndGlobal
